
Microsoft Visual Studio Solution File, Format Version 12.00
# Visual Studio Version 17
VisualStudioVersion = 17.12.35707.178
MinimumVisualStudioVersion = 10.0.40219.1
Project("{FAE04EC0-301F-11D3-BF4B-00C04F79EFBC}") = "Superheroes.Tech.API.Http", "Superheroes.Tech.API.Http\Superheroes.Tech.API.Http.csproj", "{CF4AF247-4B0B-431A-87EB-31417111BFD5}"
EndProject
Project("{FAE04EC0-301F-11D3-BF4B-00C04F79EFBC}") = "Superheroes.Tech.Application", "Superheroes.Tech.Application\Superheroes.Tech.Application.csproj", "{4049338A-02DD-44A7-86D6-51911D661F5C}"
EndProject
Project("{FAE04EC0-301F-11D3-BF4B-00C04F79EFBC}") = "Superheroes.Tech.Infrastructure.Extensions", "Superheroes.Tech.Infrastructure.Extensions\Superheroes.Tech.Infrastructure.Extensions.csproj", "{4B107DB5-FBEA-4DD6-B4F4-22B19CBA714C}"
EndProject
Project("{FAE04EC0-301F-11D3-BF4B-00C04F79EFBC}") = "Superheroes.Tech.Domain", "Superheroes.Tech.Domain\Superheroes.Tech.Domain.csproj", "{90A50C19-C28A-44A6-A7B8-ED2641E6B61D}"
EndProject
Project("{2150E333-8FDC-42A3-9474-1A3956D46DE8}") = "tests", "tests", "{48A6DFC0-9C3D-49A3-A9EB-496992533020}"
EndProject
Project("{FAE04EC0-301F-11D3-BF4B-00C04F79EFBC}") = "Superheroes.Tech.Domain.UnitTests", "Superheroes.Tech.Domain.UnitTests\Superheroes.Tech.Domain.UnitTests.csproj", "{90831CFC-4607-4F62-A7D2-10591E68449E}"
EndProject
Global
	GlobalSection(SolutionConfigurationPlatforms) = preSolution
		Debug|Any CPU = Debug|Any CPU
		Release|Any CPU = Release|Any CPU
	EndGlobalSection
	GlobalSection(ProjectConfigurationPlatforms) = postSolution
		{CF4AF247-4B0B-431A-87EB-31417111BFD5}.Debug|Any CPU.ActiveCfg = Debug|Any CPU
		{CF4AF247-4B0B-431A-87EB-31417111BFD5}.Debug|Any CPU.Build.0 = Debug|Any CPU
		{CF4AF247-4B0B-431A-87EB-31417111BFD5}.Release|Any CPU.ActiveCfg = Release|Any CPU
		{CF4AF247-4B0B-431A-87EB-31417111BFD5}.Release|Any CPU.Build.0 = Release|Any CPU
		{4049338A-02DD-44A7-86D6-51911D661F5C}.Debug|Any CPU.ActiveCfg = Debug|Any CPU
		{4049338A-02DD-44A7-86D6-51911D661F5C}.Debug|Any CPU.Build.0 = Debug|Any CPU
		{4049338A-02DD-44A7-86D6-51911D661F5C}.Release|Any CPU.ActiveCfg = Release|Any CPU
		{4049338A-02DD-44A7-86D6-51911D661F5C}.Release|Any CPU.Build.0 = Release|Any CPU
		{4B107DB5-FBEA-4DD6-B4F4-22B19CBA714C}.Debug|Any CPU.ActiveCfg = Debug|Any CPU
		{4B107DB5-FBEA-4DD6-B4F4-22B19CBA714C}.Debug|Any CPU.Build.0 = Debug|Any CPU
		{4B107DB5-FBEA-4DD6-B4F4-22B19CBA714C}.Release|Any CPU.ActiveCfg = Release|Any CPU
		{4B107DB5-FBEA-4DD6-B4F4-22B19CBA714C}.Release|Any CPU.Build.0 = Release|Any CPU
		{90A50C19-C28A-44A6-A7B8-ED2641E6B61D}.Debug|Any CPU.ActiveCfg = Debug|Any CPU
		{90A50C19-C28A-44A6-A7B8-ED2641E6B61D}.Debug|Any CPU.Build.0 = Debug|Any CPU
		{90A50C19-C28A-44A6-A7B8-ED2641E6B61D}.Release|Any CPU.ActiveCfg = Release|Any CPU
		{90A50C19-C28A-44A6-A7B8-ED2641E6B61D}.Release|Any CPU.Build.0 = Release|Any CPU
		{90831CFC-4607-4F62-A7D2-10591E68449E}.Debug|Any CPU.ActiveCfg = Debug|Any CPU
		{90831CFC-4607-4F62-A7D2-10591E68449E}.Debug|Any CPU.Build.0 = Debug|Any CPU
		{90831CFC-4607-4F62-A7D2-10591E68449E}.Release|Any CPU.ActiveCfg = Release|Any CPU
		{90831CFC-4607-4F62-A7D2-10591E68449E}.Release|Any CPU.Build.0 = Release|Any CPU
	EndGlobalSection
	GlobalSection(SolutionProperties) = preSolution
		HideSolutionNode = FALSE
	EndGlobalSection
	GlobalSection(NestedProjects) = preSolution
		{90831CFC-4607-4F62-A7D2-10591E68449E} = {48A6DFC0-9C3D-49A3-A9EB-496992533020}
	EndGlobalSection
EndGlobal
